id: varlock
slug: varlock
name: Varlock Security Skill
description: '*Last updated: December 22, 2025*'
prompt_preview: '---

  name: varlock

  description: Secure environment variable management with Varlock. Use when handling
  secrets, API keys, credentials, or any sensitive configuration. Ensures secrets
  are never exposed in terminals, logs, traces, or Claude''s context. Trigger phrases
  include "environment variables", "secrets", ".env", "API key", "credentials", "sensitive",
  "Varlock".

  version: 1.0.0

  ---


  # Varlock Security Skill


  Secure-by-default environment variable management for Claude Code sessions.


  > **Reposi...'
full_prompt_length: 9646
tools_mentioned:
- aws
- AWS
- docker
- Docker
category: community
category_display: Community
source_repo: wrsmith108/varlock-claude-skill
source_path: skills/varlock/SKILL.md
source_url: https://github.com/wrsmith108/varlock-claude-skill/blob/main/skills/varlock/SKILL.md
fetched_at: '2026-04-19T04:52:35.825398+00:00'
evaluation:
  model: xiaomi/mimo-v2-flash:free
  evaluated_at: '2026-04-19T07:25:39.472196Z'
  prompt_quality:
    score: 3.0
    reasoning: 'Evaluation error: RetryError[<Future at 0x7f7d7d0ca5a0 state=finished
      raised HTTPError>]'
  usefulness:
    score: 3.0
    reasoning: 'Evaluation error: RetryError[<Future at 0x7f7d7d0ca5a0 state=finished
      raised HTTPError>]'
  overall_rating: 3.0
  summary: Evaluation failed
  tags_suggested: []
github_metrics:
  stars: 0
  forks: 0
  open_issues: 0
  last_commit: null
  fetched_at: '2026-04-19T07:27:52.588111Z'
indexed_at: '2026-04-19T07:27:52.588117Z'
